
Microsoft Visual Studio Solution File, Format Version 12.00
# Visual Studio Version 16
VisualStudioVersion = 16.0.30804.86
MinimumVisualStudioVersion = 10.0.40219.1
Project("{FAE04EC0-301F-11D3-BF4B-00C04F79EFBC}") = "lr_13", "lr_13.csproj", "{0D87435C-AD0E-4D36-B973-BF1456085A20}"
EndProject
Global
	GlobalSection(SolutionConfigurationPlatforms) = preSolution
		Debug|Any CPU = Debug|Any CPU
		Release|Any CPU = Release|Any CPU
	EndGlobalSection
	GlobalSection(ProjectConfigurationPlatforms) = postSolution
		{0D87435C-AD0E-4D36-B973-BF1456085A20}.Debug|Any CPU.ActiveCfg = Debug|Any CPU
		{0D87435C-AD0E-4D36-B973-BF1456085A20}.Debug|Any CPU.Build.0 = Debug|Any CPU
		{0D87435C-AD0E-4D36-B973-BF1456085A20}.Release|Any CPU.ActiveCfg = Release|Any CPU
		{0D87435C-AD0E-4D36-B973-BF1456085A20}.Release|Any CPU.Build.0 = Release|Any CPU
	EndGlobalSection
	GlobalSection(SolutionProperties) = preSolution
		HideSolutionNode = FALSE
	EndGlobalSection
	GlobalSection(ExtensibilityGlobals) = postSolution
		SolutionGuid = {BF4A51FC-E216-4C0C-998C-65FF5010C6FF}
	EndGlobalSection
EndGlobal
