
Microsoft Visual Studio Solution File, Format Version 12.00
# Visual Studio Version 16
VisualStudioVersion = 16.0.30804.86
MinimumVisualStudioVersion = 10.0.40219.1
Project("{FAE04EC0-301F-11D3-BF4B-00C04F79EFBC}") = "lr_17", "lr_17.csproj", "{65C367A5-DED8-4FF0-8604-C3B896ADE518}"
EndProject
Global
	GlobalSection(SolutionConfigurationPlatforms) = preSolution
		Debug|Any CPU = Debug|Any CPU
		Release|Any CPU = Release|Any CPU
	EndGlobalSection
	GlobalSection(ProjectConfigurationPlatforms) = postSolution
		{65C367A5-DED8-4FF0-8604-C3B896ADE518}.Debug|Any CPU.ActiveCfg = Debug|Any CPU
		{65C367A5-DED8-4FF0-8604-C3B896ADE518}.Debug|Any CPU.Build.0 = Debug|Any CPU
		{65C367A5-DED8-4FF0-8604-C3B896ADE518}.Release|Any CPU.ActiveCfg = Release|Any CPU
		{65C367A5-DED8-4FF0-8604-C3B896ADE518}.Release|Any CPU.Build.0 = Release|Any CPU
	EndGlobalSection
	GlobalSection(SolutionProperties) = preSolution
		HideSolutionNode = FALSE
	EndGlobalSection
	GlobalSection(ExtensibilityGlobals) = postSolution
		SolutionGuid = {1512145C-5EBE-4985-B595-96F0D35A2A2B}
	EndGlobalSection
EndGlobal
