
Microsoft Visual Studio Solution File, Format Version 12.00
# Visual Studio Version 16
VisualStudioVersion = 16.0.30804.86
MinimumVisualStudioVersion = 10.0.40219.1
Project("{FAE04EC0-301F-11D3-BF4B-00C04F79EFBC}") = "lr15", "lr15.csproj", "{8F39AF9E-B7D0-45F5-A5CA-E433A6E2925C}"
EndProject
Global
	GlobalSection(SolutionConfigurationPlatforms) = preSolution
		Debug|Any CPU = Debug|Any CPU
		Release|Any CPU = Release|Any CPU
	EndGlobalSection
	GlobalSection(ProjectConfigurationPlatforms) = postSolution
		{8F39AF9E-B7D0-45F5-A5CA-E433A6E2925C}.Debug|Any CPU.ActiveCfg = Debug|Any CPU
		{8F39AF9E-B7D0-45F5-A5CA-E433A6E2925C}.Debug|Any CPU.Build.0 = Debug|Any CPU
		{8F39AF9E-B7D0-45F5-A5CA-E433A6E2925C}.Release|Any CPU.ActiveCfg = Release|Any CPU
		{8F39AF9E-B7D0-45F5-A5CA-E433A6E2925C}.Release|Any CPU.Build.0 = Release|Any CPU
	EndGlobalSection
	GlobalSection(SolutionProperties) = preSolution
		HideSolutionNode = FALSE
	EndGlobalSection
	GlobalSection(ExtensibilityGlobals) = postSolution
		SolutionGuid = {C3844EAA-9652-429B-85E0-794D852B2509}
	EndGlobalSection
EndGlobal
